
Microsoft Visual Studio Solution File, Format Version 12.00
# Visual Studio Version 16
VisualStudioVersion = 16.0.32407.337
MinimumVisualStudioVersion = 10.0.40219.1
Project("{FAE04EC0-301F-11D3-BF4B-00C04F79EFBC}") = "lab2", "lab2\lab2.csproj", "{31602FCE-BF6C-4DF1-BCF3-BC1083B10EEC}"
EndProject
Global
	GlobalSection(SolutionConfigurationPlatforms) = preSolution
		Debug|Any CPU = Debug|Any CPU
		Release|Any CPU = Release|Any CPU
	EndGlobalSection
	GlobalSection(ProjectConfigurationPlatforms) = postSolution
		{31602FCE-BF6C-4DF1-BCF3-BC1083B10EEC}.Debug|Any CPU.ActiveCfg = Debug|Any CPU
		{31602FCE-BF6C-4DF1-BCF3-BC1083B10EEC}.Debug|Any CPU.Build.0 = Debug|Any CPU
		{31602FCE-BF6C-4DF1-BCF3-BC1083B10EEC}.Release|Any CPU.ActiveCfg = Release|Any CPU
		{31602FCE-BF6C-4DF1-BCF3-BC1083B10EEC}.Release|Any CPU.Build.0 = Release|Any CPU
	EndGlobalSection
	GlobalSection(SolutionProperties) = preSolution
		HideSolutionNode = FALSE
	EndGlobalSection
	GlobalSection(ExtensibilityGlobals) = postSolution
		SolutionGuid = {43BAB1EB-467A-4CBD-B704-54B1034AF4E5}
	EndGlobalSection
EndGlobal
